
Microsoft Visual Studio Solution File, Format Version 12.00
# Visual Studio Version 16
VisualStudioVersion = 16.0.28729.10
MinimumVisualStudioVersion = 10.0.40219.1
Project("{FAE04EC0-301F-11D3-BF4B-00C04F79EFBC}") = "Classes.Interfaces.OOP", "Classes.Interfaces.OOP\Classes.Interfaces.OOP.csproj", "{C95E7772-E566-46C5-9992-0A181C5AE586}"
EndProject
Project("{9A19103F-16F7-4668-BE54-9A1E7A4F7556}") = "Classes.Interfaces.OOP.Tests", "Classes.Interfaces.OOP.Tests\Classes.Interfaces.OOP.Tests.csproj", "{43A2198B-3526-4707-A325-9694BA121EFF}"
EndProject
Project("{FAE04EC0-301F-11D3-BF4B-00C04F79EFBC}") = "Inheritance", "Inheritance\Inheritance.csproj", "{5D6F998A-BC76-4187-ACBB-E92B1C1F4243}"
EndProject
Project("{FAE04EC0-301F-11D3-BF4B-00C04F79EFBC}") = "Polymorphism", "Polymorphism\Polymorphism.csproj", "{62437913-267C-4EE0-B24F-5F6FED3D3557}"
EndProject
Project("{FAE04EC0-301F-11D3-BF4B-00C04F79EFBC}") = "Abstract", "Abstract\Abstract.csproj", "{222FB73E-719F-4D61-BDFB-CFA82813E304}"
EndProject
Project("{FAE04EC0-301F-11D3-BF4B-00C04F79EFBC}") = "Testable", "Testable\Testable.csproj", "{78C5F923-EFB5-4056-B6EB-BEED842690FD}"
EndProject
Project("{9A19103F-16F7-4668-BE54-9A1E7A4F7556}") = "Testable.Tests", "Testable.Tests\Testable.Tests.csproj", "{D597906A-FE52-41A7-A7D9-3E08A3ACF730}"
EndProject
Project("{FAE04EC0-301F-11D3-BF4B-00C04F79EFBC}") = "Extensibility", "Extensibility\Extensibility.csproj", "{90C693E1-A99E-4580-9C38-8960E01E45AF}"
EndProject
Project("{FAE04EC0-301F-11D3-BF4B-00C04F79EFBC}") = "Interface.Inheritance", "Interface.Inheritance\Interface.Inheritance.csproj", "{26B6F8C4-B537-4553-A153-68A78A92409E}"
EndProject
Project("{FAE04EC0-301F-11D3-BF4B-00C04F79EFBC}") = "Interfaces.Polymorphism", "Interfaces.Polymorphism\Interfaces.Polymorphism.csproj", "{8E1FF17E-FAB7-408D-818C-5E78269913FD}"
EndProject
Project("{FAE04EC0-301F-11D3-BF4B-00C04F79EFBC}") = "WorkflowEngine", "WorkflowEngine\WorkflowEngine.csproj", "{9C9B51BC-4415-44E5-B069-15A93E4EC7F3}"
EndProject
Project("{2150E333-8FDC-42A3-9474-1A3956D46DE8}") = "Intermediate", "Intermediate", "{CFF470BF-3190-470C-9D33-DDCDD16DE897}"
EndProject
Project("{2150E333-8FDC-42A3-9474-1A3956D46DE8}") = "Advanced", "Advanced", "{7432425F-D95A-4E79-A77E-91AC1D817B22}"
EndProject
Project("{FAE04EC0-301F-11D3-BF4B-00C04F79EFBC}") = "MainApplication", "MainApplication\MainApplication.csproj", "{79E4DC4A-3C60-4BE0-8460-111CF72904A1}"
EndProject
Project("{FAE04EC0-301F-11D3-BF4B-00C04F79EFBC}") = "Generics", "Generics\Generics.csproj", "{6FCF834D-66B9-4A76-8C4F-5A03C9540E44}"
EndProject
Project("{FAE04EC0-301F-11D3-BF4B-00C04F79EFBC}") = "Delegates", "Delegates\Delegates.csproj", "{21BC7512-7B09-48C3-A472-C2906035A3DE}"
EndProject
Project("{2150E333-8FDC-42A3-9474-1A3956D46DE8}") = "DependencyInjection", "DependencyInjection", "{2873FCA4-B628-47E9-B362-E7C1E2953658}"
EndProject
Project("{FAE04EC0-301F-11D3-BF4B-00C04F79EFBC}") = "DIRunner", "DIRunner\DIRunner.csproj", "{6D6CF50E-28B8-4964-946D-DEC3AEA59F81}"
EndProject
Project("{FAE04EC0-301F-11D3-BF4B-00C04F79EFBC}") = "DIBasics", "DIBasics\DIBasics.csproj", "{F1E86E02-AC6C-4C56-A574-BD47B2594454}"
EndProject
Project("{9A19103F-16F7-4668-BE54-9A1E7A4F7556}") = "DIBasics.Tests", "DIBasics.Tests\DIBasics.Tests.csproj", "{813841D6-5171-4AB6-8309-306DAE48CA8E}"
EndProject
Project("{FAE04EC0-301F-11D3-BF4B-00C04F79EFBC}") = "Lambdas", "Lambdas\Lambdas.csproj", "{4A94D2B5-2DD0-4D4B-A1BA-8EA22260BC6C}"
EndProject
Project("{FAE04EC0-301F-11D3-BF4B-00C04F79EFBC}") = "Events", "Events\Events.csproj", "{257CEC3F-7D12-479E-9B3C-AACCAC14DABC}"
EndProject
Project("{FAE04EC0-301F-11D3-BF4B-00C04F79EFBC}") = "Extension", "Extension\Extension.csproj", "{0D846103-E3BA-4BD2-8347-C819F5BFF383}"
EndProject
Project("{FAE04EC0-301F-11D3-BF4B-00C04F79EFBC}") = "LINQ", "LINQ\LINQ.csproj", "{76772D2C-5BCD-4EB9-9760-992C5A143B58}"
EndProject
Project("{FAE04EC0-301F-11D3-BF4B-00C04F79EFBC}") = "Async", "Async\Async.csproj", "{DC97A718-BC56-4F2A-A3B5-53318BB551EF}"
EndProject
Project("{2150E333-8FDC-42A3-9474-1A3956D46DE8}") = "Generics", "Generics", "{54A1BD91-E631-4C42-87B0-974AB5004D8C}"
EndProject
Project("{FAE04EC0-301F-11D3-BF4B-00C04F79EFBC}") = "GenRunner", "GenRunner\GenRunner.csproj", "{71E6BEB7-7A97-4F85-A5D4-468BC7CAD29B}"
EndProject
Project("{FAE04EC0-301F-11D3-BF4B-00C04F79EFBC}") = "GenBasic", "GenBasic\GenBasic.csproj", "{F4E1F99D-D9CA-44DC-A7FE-7E8E9C28B74F}"
EndProject
Project("{2150E333-8FDC-42A3-9474-1A3956D46DE8}") = "UnitTests", "UnitTests", "{E14184A7-82CF-4D4B-B54C-00FA6FA028C5}"
EndProject
Project("{9A19103F-16F7-4668-BE54-9A1E7A4F7556}") = "Generics.Tests", "GenBasic.Tests\Generics.Tests.csproj", "{C55B9790-101D-4078-B0E5-B7C9608B8BDA}"
EndProject
Project("{FAE04EC0-301F-11D3-BF4B-00C04F79EFBC}") = "LinkedLists", "LinkedLists\LinkedLists.csproj", "{D63A0B85-E881-4B09-8779-33E13482477E}"
EndProject
Project("{FAE04EC0-301F-11D3-BF4B-00C04F79EFBC}") = "FrameWork", "FrameWork\FrameWork.csproj", "{D4EC2E4A-70B8-4D89-8ECB-81D6F1E91895}"
EndProject
Project("{2150E333-8FDC-42A3-9474-1A3956D46DE8}") = "EventsAndDelegates", "EventsAndDelegates", "{05C40771-13B7-49B8-B1AA-1AEC0F38FD90}"
EndProject
Project("{FAE04EC0-301F-11D3-BF4B-00C04F79EFBC}") = "DelegatesDefined", "DelegatesDefined\DelegatesDefined.csproj", "{099016B0-B7AE-4A18-8C32-16EBCC7C810D}"
EndProject
Project("{FAE04EC0-301F-11D3-BF4B-00C04F79EFBC}") = "EmployeeProcessing", "EmployeeProcessing\EmployeeProcessing.csproj", "{505A3EF0-E648-4908-A4B9-0B114123F0B3}"
EndProject
Global
	GlobalSection(SolutionConfigurationPlatforms) = preSolution
		Debug|Any CPU = Debug|Any CPU
		Release|Any CPU = Release|Any CPU
	EndGlobalSection
	GlobalSection(ProjectConfigurationPlatforms) = postSolution
		{C95E7772-E566-46C5-9992-0A181C5AE586}.Debug|Any CPU.ActiveCfg = Debug|Any CPU
		{C95E7772-E566-46C5-9992-0A181C5AE586}.Debug|Any CPU.Build.0 = Debug|Any CPU
		{C95E7772-E566-46C5-9992-0A181C5AE586}.Release|Any CPU.ActiveCfg = Release|Any CPU
		{C95E7772-E566-46C5-9992-0A181C5AE586}.Release|Any CPU.Build.0 = Release|Any CPU
		{43A2198B-3526-4707-A325-9694BA121EFF}.Debug|Any CPU.ActiveCfg = Debug|Any CPU
		{43A2198B-3526-4707-A325-9694BA121EFF}.Debug|Any CPU.Build.0 = Debug|Any CPU
		{43A2198B-3526-4707-A325-9694BA121EFF}.Release|Any CPU.ActiveCfg = Release|Any CPU
		{43A2198B-3526-4707-A325-9694BA121EFF}.Release|Any CPU.Build.0 = Release|Any CPU
		{5D6F998A-BC76-4187-ACBB-E92B1C1F4243}.Debug|Any CPU.ActiveCfg = Debug|Any CPU
		{5D6F998A-BC76-4187-ACBB-E92B1C1F4243}.Debug|Any CPU.Build.0 = Debug|Any CPU
		{5D6F998A-BC76-4187-ACBB-E92B1C1F4243}.Release|Any CPU.ActiveCfg = Release|Any CPU
		{5D6F998A-BC76-4187-ACBB-E92B1C1F4243}.Release|Any CPU.Build.0 = Release|Any CPU
		{62437913-267C-4EE0-B24F-5F6FED3D3557}.Debug|Any CPU.ActiveCfg = Debug|Any CPU
		{62437913-267C-4EE0-B24F-5F6FED3D3557}.Debug|Any CPU.Build.0 = Debug|Any CPU
		{62437913-267C-4EE0-B24F-5F6FED3D3557}.Release|Any CPU.ActiveCfg = Release|Any CPU
		{62437913-267C-4EE0-B24F-5F6FED3D3557}.Release|Any CPU.Build.0 = Release|Any CPU
		{222FB73E-719F-4D61-BDFB-CFA82813E304}.Debug|Any CPU.ActiveCfg = Debug|Any CPU
		{222FB73E-719F-4D61-BDFB-CFA82813E304}.Debug|Any CPU.Build.0 = Debug|Any CPU
		{222FB73E-719F-4D61-BDFB-CFA82813E304}.Release|Any CPU.ActiveCfg = Release|Any CPU
		{222FB73E-719F-4D61-BDFB-CFA82813E304}.Release|Any CPU.Build.0 = Release|Any CPU
		{78C5F923-EFB5-4056-B6EB-BEED842690FD}.Debug|Any CPU.ActiveCfg = Debug|Any CPU
		{78C5F923-EFB5-4056-B6EB-BEED842690FD}.Debug|Any CPU.Build.0 = Debug|Any CPU
		{78C5F923-EFB5-4056-B6EB-BEED842690FD}.Release|Any CPU.ActiveCfg = Release|Any CPU
		{78C5F923-EFB5-4056-B6EB-BEED842690FD}.Release|Any CPU.Build.0 = Release|Any CPU
		{D597906A-FE52-41A7-A7D9-3E08A3ACF730}.Debug|Any CPU.ActiveCfg = Debug|Any CPU
		{D597906A-FE52-41A7-A7D9-3E08A3ACF730}.Debug|Any CPU.Build.0 = Debug|Any CPU
		{D597906A-FE52-41A7-A7D9-3E08A3ACF730}.Release|Any CPU.ActiveCfg = Release|Any CPU
		{D597906A-FE52-41A7-A7D9-3E08A3ACF730}.Release|Any CPU.Build.0 = Release|Any CPU
		{90C693E1-A99E-4580-9C38-8960E01E45AF}.Debug|Any CPU.ActiveCfg = Debug|Any CPU
		{90C693E1-A99E-4580-9C38-8960E01E45AF}.Debug|Any CPU.Build.0 = Debug|Any CPU
		{90C693E1-A99E-4580-9C38-8960E01E45AF}.Release|Any CPU.ActiveCfg = Release|Any CPU
		{90C693E1-A99E-4580-9C38-8960E01E45AF}.Release|Any CPU.Build.0 = Release|Any CPU
		{26B6F8C4-B537-4553-A153-68A78A92409E}.Debug|Any CPU.ActiveCfg = Debug|Any CPU
		{26B6F8C4-B537-4553-A153-68A78A92409E}.Debug|Any CPU.Build.0 = Debug|Any CPU
		{26B6F8C4-B537-4553-A153-68A78A92409E}.Release|Any CPU.ActiveCfg = Release|Any CPU
		{26B6F8C4-B537-4553-A153-68A78A92409E}.Release|Any CPU.Build.0 = Release|Any CPU
		{8E1FF17E-FAB7-408D-818C-5E78269913FD}.Debug|Any CPU.ActiveCfg = Debug|Any CPU
		{8E1FF17E-FAB7-408D-818C-5E78269913FD}.Debug|Any CPU.Build.0 = Debug|Any CPU
		{8E1FF17E-FAB7-408D-818C-5E78269913FD}.Release|Any CPU.ActiveCfg = Release|Any CPU
		{8E1FF17E-FAB7-408D-818C-5E78269913FD}.Release|Any CPU.Build.0 = Release|Any CPU
		{9C9B51BC-4415-44E5-B069-15A93E4EC7F3}.Debug|Any CPU.ActiveCfg = Debug|Any CPU
		{9C9B51BC-4415-44E5-B069-15A93E4EC7F3}.Debug|Any CPU.Build.0 = Debug|Any CPU
		{9C9B51BC-4415-44E5-B069-15A93E4EC7F3}.Release|Any CPU.ActiveCfg = Release|Any CPU
		{9C9B51BC-4415-44E5-B069-15A93E4EC7F3}.Release|Any CPU.Build.0 = Release|Any CPU
		{79E4DC4A-3C60-4BE0-8460-111CF72904A1}.Debug|Any CPU.ActiveCfg = Debug|Any CPU
		{79E4DC4A-3C60-4BE0-8460-111CF72904A1}.Debug|Any CPU.Build.0 = Debug|Any CPU
		{79E4DC4A-3C60-4BE0-8460-111CF72904A1}.Release|Any CPU.ActiveCfg = Release|Any CPU
		{79E4DC4A-3C60-4BE0-8460-111CF72904A1}.Release|Any CPU.Build.0 = Release|Any CPU
		{6FCF834D-66B9-4A76-8C4F-5A03C9540E44}.Debug|Any CPU.ActiveCfg = Debug|Any CPU
		{6FCF834D-66B9-4A76-8C4F-5A03C9540E44}.Debug|Any CPU.Build.0 = Debug|Any CPU
		{6FCF834D-66B9-4A76-8C4F-5A03C9540E44}.Release|Any CPU.ActiveCfg = Release|Any CPU
		{6FCF834D-66B9-4A76-8C4F-5A03C9540E44}.Release|Any CPU.Build.0 = Release|Any CPU
		{21BC7512-7B09-48C3-A472-C2906035A3DE}.Debug|Any CPU.ActiveCfg = Debug|Any CPU
		{21BC7512-7B09-48C3-A472-C2906035A3DE}.Debug|Any CPU.Build.0 = Debug|Any CPU
		{21BC7512-7B09-48C3-A472-C2906035A3DE}.Release|Any CPU.ActiveCfg = Release|Any CPU
		{21BC7512-7B09-48C3-A472-C2906035A3DE}.Release|Any CPU.Build.0 = Release|Any CPU
		{6D6CF50E-28B8-4964-946D-DEC3AEA59F81}.Debug|Any CPU.ActiveCfg = Debug|Any CPU
		{6D6CF50E-28B8-4964-946D-DEC3AEA59F81}.Debug|Any CPU.Build.0 = Debug|Any CPU
		{6D6CF50E-28B8-4964-946D-DEC3AEA59F81}.Release|Any CPU.ActiveCfg = Release|Any CPU
		{6D6CF50E-28B8-4964-946D-DEC3AEA59F81}.Release|Any CPU.Build.0 = Release|Any CPU
		{F1E86E02-AC6C-4C56-A574-BD47B2594454}.Debug|Any CPU.ActiveCfg = Debug|Any CPU
		{F1E86E02-AC6C-4C56-A574-BD47B2594454}.Debug|Any CPU.Build.0 = Debug|Any CPU
		{F1E86E02-AC6C-4C56-A574-BD47B2594454}.Release|Any CPU.ActiveCfg = Release|Any CPU
		{F1E86E02-AC6C-4C56-A574-BD47B2594454}.Release|Any CPU.Build.0 = Release|Any CPU
		{813841D6-5171-4AB6-8309-306DAE48CA8E}.Debug|Any CPU.ActiveCfg = Debug|Any CPU
		{813841D6-5171-4AB6-8309-306DAE48CA8E}.Debug|Any CPU.Build.0 = Debug|Any CPU
		{813841D6-5171-4AB6-8309-306DAE48CA8E}.Release|Any CPU.ActiveCfg = Release|Any CPU
		{813841D6-5171-4AB6-8309-306DAE48CA8E}.Release|Any CPU.Build.0 = Release|Any CPU
		{4A94D2B5-2DD0-4D4B-A1BA-8EA22260BC6C}.Debug|Any CPU.ActiveCfg = Debug|Any CPU
		{4A94D2B5-2DD0-4D4B-A1BA-8EA22260BC6C}.Debug|Any CPU.Build.0 = Debug|Any CPU
		{4A94D2B5-2DD0-4D4B-A1BA-8EA22260BC6C}.Release|Any CPU.ActiveCfg = Release|Any CPU
		{4A94D2B5-2DD0-4D4B-A1BA-8EA22260BC6C}.Release|Any CPU.Build.0 = Release|Any CPU
		{257CEC3F-7D12-479E-9B3C-AACCAC14DABC}.Debug|Any CPU.ActiveCfg = Debug|Any CPU
		{257CEC3F-7D12-479E-9B3C-AACCAC14DABC}.Debug|Any CPU.Build.0 = Debug|Any CPU
		{257CEC3F-7D12-479E-9B3C-AACCAC14DABC}.Release|Any CPU.ActiveCfg = Release|Any CPU
		{257CEC3F-7D12-479E-9B3C-AACCAC14DABC}.Release|Any CPU.Build.0 = Release|Any CPU
		{0D846103-E3BA-4BD2-8347-C819F5BFF383}.Debug|Any CPU.ActiveCfg = Debug|Any CPU
		{0D846103-E3BA-4BD2-8347-C819F5BFF383}.Debug|Any CPU.Build.0 = Debug|Any CPU
		{0D846103-E3BA-4BD2-8347-C819F5BFF383}.Release|Any CPU.ActiveCfg = Release|Any CPU
		{0D846103-E3BA-4BD2-8347-C819F5BFF383}.Release|Any CPU.Build.0 = Release|Any CPU
		{76772D2C-5BCD-4EB9-9760-992C5A143B58}.Debug|Any CPU.ActiveCfg = Debug|Any CPU
		{76772D2C-5BCD-4EB9-9760-992C5A143B58}.Debug|Any CPU.Build.0 = Debug|Any CPU
		{76772D2C-5BCD-4EB9-9760-992C5A143B58}.Release|Any CPU.ActiveCfg = Release|Any CPU
		{76772D2C-5BCD-4EB9-9760-992C5A143B58}.Release|Any CPU.Build.0 = Release|Any CPU
		{DC97A718-BC56-4F2A-A3B5-53318BB551EF}.Debug|Any CPU.ActiveCfg = Debug|Any CPU
		{DC97A718-BC56-4F2A-A3B5-53318BB551EF}.Debug|Any CPU.Build.0 = Debug|Any CPU
		{DC97A718-BC56-4F2A-A3B5-53318BB551EF}.Release|Any CPU.ActiveCfg = Release|Any CPU
		{DC97A718-BC56-4F2A-A3B5-53318BB551EF}.Release|Any CPU.Build.0 = Release|Any CPU
		{71E6BEB7-7A97-4F85-A5D4-468BC7CAD29B}.Debug|Any CPU.ActiveCfg = Debug|Any CPU
		{71E6BEB7-7A97-4F85-A5D4-468BC7CAD29B}.Debug|Any CPU.Build.0 = Debug|Any CPU
		{71E6BEB7-7A97-4F85-A5D4-468BC7CAD29B}.Release|Any CPU.ActiveCfg = Release|Any CPU
		{71E6BEB7-7A97-4F85-A5D4-468BC7CAD29B}.Release|Any CPU.Build.0 = Release|Any CPU
		{F4E1F99D-D9CA-44DC-A7FE-7E8E9C28B74F}.Debug|Any CPU.ActiveCfg = Debug|Any CPU
		{F4E1F99D-D9CA-44DC-A7FE-7E8E9C28B74F}.Debug|Any CPU.Build.0 = Debug|Any CPU
		{F4E1F99D-D9CA-44DC-A7FE-7E8E9C28B74F}.Release|Any CPU.ActiveCfg = Release|Any CPU
		{F4E1F99D-D9CA-44DC-A7FE-7E8E9C28B74F}.Release|Any CPU.Build.0 = Release|Any CPU
		{C55B9790-101D-4078-B0E5-B7C9608B8BDA}.Debug|Any CPU.ActiveCfg = Debug|Any CPU
		{C55B9790-101D-4078-B0E5-B7C9608B8BDA}.Debug|Any CPU.Build.0 = Debug|Any CPU
		{C55B9790-101D-4078-B0E5-B7C9608B8BDA}.Release|Any CPU.ActiveCfg = Release|Any CPU
		{C55B9790-101D-4078-B0E5-B7C9608B8BDA}.Release|Any CPU.Build.0 = Release|Any CPU
		{D63A0B85-E881-4B09-8779-33E13482477E}.Debug|Any CPU.ActiveCfg = Debug|Any CPU
		{D63A0B85-E881-4B09-8779-33E13482477E}.Debug|Any CPU.Build.0 = Debug|Any CPU
		{D63A0B85-E881-4B09-8779-33E13482477E}.Release|Any CPU.ActiveCfg = Release|Any CPU
		{D63A0B85-E881-4B09-8779-33E13482477E}.Release|Any CPU.Build.0 = Release|Any CPU
		{D4EC2E4A-70B8-4D89-8ECB-81D6F1E91895}.Debug|Any CPU.ActiveCfg = Debug|Any CPU
		{D4EC2E4A-70B8-4D89-8ECB-81D6F1E91895}.Debug|Any CPU.Build.0 = Debug|Any CPU
		{D4EC2E4A-70B8-4D89-8ECB-81D6F1E91895}.Release|Any CPU.ActiveCfg = Release|Any CPU
		{D4EC2E4A-70B8-4D89-8ECB-81D6F1E91895}.Release|Any CPU.Build.0 = Release|Any CPU
		{099016B0-B7AE-4A18-8C32-16EBCC7C810D}.Debug|Any CPU.ActiveCfg = Debug|Any CPU
		{099016B0-B7AE-4A18-8C32-16EBCC7C810D}.Debug|Any CPU.Build.0 = Debug|Any CPU
		{099016B0-B7AE-4A18-8C32-16EBCC7C810D}.Release|Any CPU.ActiveCfg = Release|Any CPU
		{099016B0-B7AE-4A18-8C32-16EBCC7C810D}.Release|Any CPU.Build.0 = Release|Any CPU
		{505A3EF0-E648-4908-A4B9-0B114123F0B3}.Debug|Any CPU.ActiveCfg = Debug|Any CPU
		{505A3EF0-E648-4908-A4B9-0B114123F0B3}.Debug|Any CPU.Build.0 = Debug|Any CPU
		{505A3EF0-E648-4908-A4B9-0B114123F0B3}.Release|Any CPU.ActiveCfg = Release|Any CPU
		{505A3EF0-E648-4908-A4B9-0B114123F0B3}.Release|Any CPU.Build.0 = Release|Any CPU
	EndGlobalSection
	GlobalSection(SolutionProperties) = preSolution
		HideSolutionNode = FALSE
	EndGlobalSection
	GlobalSection(NestedProjects) = preSolution
		{C95E7772-E566-46C5-9992-0A181C5AE586} = {CFF470BF-3190-470C-9D33-DDCDD16DE897}
		{43A2198B-3526-4707-A325-9694BA121EFF} = {CFF470BF-3190-470C-9D33-DDCDD16DE897}
		{5D6F998A-BC76-4187-ACBB-E92B1C1F4243} = {CFF470BF-3190-470C-9D33-DDCDD16DE897}
		{62437913-267C-4EE0-B24F-5F6FED3D3557} = {CFF470BF-3190-470C-9D33-DDCDD16DE897}
		{222FB73E-719F-4D61-BDFB-CFA82813E304} = {CFF470BF-3190-470C-9D33-DDCDD16DE897}
		{78C5F923-EFB5-4056-B6EB-BEED842690FD} = {CFF470BF-3190-470C-9D33-DDCDD16DE897}
		{D597906A-FE52-41A7-A7D9-3E08A3ACF730} = {CFF470BF-3190-470C-9D33-DDCDD16DE897}
		{90C693E1-A99E-4580-9C38-8960E01E45AF} = {CFF470BF-3190-470C-9D33-DDCDD16DE897}
		{26B6F8C4-B537-4553-A153-68A78A92409E} = {CFF470BF-3190-470C-9D33-DDCDD16DE897}
		{8E1FF17E-FAB7-408D-818C-5E78269913FD} = {CFF470BF-3190-470C-9D33-DDCDD16DE897}
		{9C9B51BC-4415-44E5-B069-15A93E4EC7F3} = {CFF470BF-3190-470C-9D33-DDCDD16DE897}
		{79E4DC4A-3C60-4BE0-8460-111CF72904A1} = {7432425F-D95A-4E79-A77E-91AC1D817B22}
		{6FCF834D-66B9-4A76-8C4F-5A03C9540E44} = {7432425F-D95A-4E79-A77E-91AC1D817B22}
		{21BC7512-7B09-48C3-A472-C2906035A3DE} = {7432425F-D95A-4E79-A77E-91AC1D817B22}
		{6D6CF50E-28B8-4964-946D-DEC3AEA59F81} = {2873FCA4-B628-47E9-B362-E7C1E2953658}
		{F1E86E02-AC6C-4C56-A574-BD47B2594454} = {2873FCA4-B628-47E9-B362-E7C1E2953658}
		{813841D6-5171-4AB6-8309-306DAE48CA8E} = {2873FCA4-B628-47E9-B362-E7C1E2953658}
		{4A94D2B5-2DD0-4D4B-A1BA-8EA22260BC6C} = {7432425F-D95A-4E79-A77E-91AC1D817B22}
		{257CEC3F-7D12-479E-9B3C-AACCAC14DABC} = {7432425F-D95A-4E79-A77E-91AC1D817B22}
		{0D846103-E3BA-4BD2-8347-C819F5BFF383} = {7432425F-D95A-4E79-A77E-91AC1D817B22}
		{76772D2C-5BCD-4EB9-9760-992C5A143B58} = {7432425F-D95A-4E79-A77E-91AC1D817B22}
		{DC97A718-BC56-4F2A-A3B5-53318BB551EF} = {7432425F-D95A-4E79-A77E-91AC1D817B22}
		{71E6BEB7-7A97-4F85-A5D4-468BC7CAD29B} = {54A1BD91-E631-4C42-87B0-974AB5004D8C}
		{F4E1F99D-D9CA-44DC-A7FE-7E8E9C28B74F} = {54A1BD91-E631-4C42-87B0-974AB5004D8C}
		{E14184A7-82CF-4D4B-B54C-00FA6FA028C5} = {54A1BD91-E631-4C42-87B0-974AB5004D8C}
		{C55B9790-101D-4078-B0E5-B7C9608B8BDA} = {E14184A7-82CF-4D4B-B54C-00FA6FA028C5}
		{D63A0B85-E881-4B09-8779-33E13482477E} = {54A1BD91-E631-4C42-87B0-974AB5004D8C}
		{D4EC2E4A-70B8-4D89-8ECB-81D6F1E91895} = {54A1BD91-E631-4C42-87B0-974AB5004D8C}
		{099016B0-B7AE-4A18-8C32-16EBCC7C810D} = {05C40771-13B7-49B8-B1AA-1AEC0F38FD90}
		{505A3EF0-E648-4908-A4B9-0B114123F0B3} = {05C40771-13B7-49B8-B1AA-1AEC0F38FD90}
	EndGlobalSection
	GlobalSection(ExtensibilityGlobals) = postSolution
		SolutionGuid = {EA6E942C-054D-4A87-A39A-6A54D55952A4}
	EndGlobalSection
EndGlobal
