
Microsoft Visual Studio Solution File, Format Version 12.00
# Visual Studio Version 16
VisualStudioVersion = 16.0.28729.10
MinimumVisualStudioVersion = 10.0.40219.1
Project("{FAE04EC0-301F-11D3-BF4B-00C04F79EFBC}") = "Classes.Interfaces.OOP", "Classes.Interfaces.OOP\Classes.Interfaces.OOP.csproj", "{C95E7772-E566-46C5-9992-0A181C5AE586}"
EndProject
Project("{9A19103F-16F7-4668-BE54-9A1E7A4F7556}") = "Classes.Interfaces.OOP.Tests", "Classes.Interfaces.OOP.Tests\Classes.Interfaces.OOP.Tests.csproj", "{43A2198B-3526-4707-A325-9694BA121EFF}"
EndProject
Project("{FAE04EC0-301F-11D3-BF4B-00C04F79EFBC}") = "Inheritance", "Inheritance\Inheritance.csproj", "{5D6F998A-BC76-4187-ACBB-E92B1C1F4243}"
EndProject
Project("{FAE04EC0-301F-11D3-BF4B-00C04F79EFBC}") = "Polymorphism", "Polymorphism\Polymorphism.csproj", "{62437913-267C-4EE0-B24F-5F6FED3D3557}"
EndProject
Project("{FAE04EC0-301F-11D3-BF4B-00C04F79EFBC}") = "Abstract", "Abstract\Abstract.csproj", "{222FB73E-719F-4D61-BDFB-CFA82813E304}"
EndProject
Project("{FAE04EC0-301F-11D3-BF4B-00C04F79EFBC}") = "Testable", "Testable\Testable.csproj", "{78C5F923-EFB5-4056-B6EB-BEED842690FD}"
EndProject
Project("{FAE04EC0-301F-11D3-BF4B-00C04F79EFBC}") = "Testable.Tests", "Testable.Tests\Testable.Tests.csproj", "{D597906A-FE52-41A7-A7D9-3E08A3ACF730}"
EndProject
Global
	GlobalSection(SolutionConfigurationPlatforms) = preSolution
		Debug|Any CPU = Debug|Any CPU
		Release|Any CPU = Release|Any CPU
	EndGlobalSection
	GlobalSection(ProjectConfigurationPlatforms) = postSolution
		{C95E7772-E566-46C5-9992-0A181C5AE586}.Debug|Any CPU.ActiveCfg = Debug|Any CPU
		{C95E7772-E566-46C5-9992-0A181C5AE586}.Debug|Any CPU.Build.0 = Debug|Any CPU
		{C95E7772-E566-46C5-9992-0A181C5AE586}.Release|Any CPU.ActiveCfg = Release|Any CPU
		{C95E7772-E566-46C5-9992-0A181C5AE586}.Release|Any CPU.Build.0 = Release|Any CPU
		{43A2198B-3526-4707-A325-9694BA121EFF}.Debug|Any CPU.ActiveCfg = Debug|Any CPU
		{43A2198B-3526-4707-A325-9694BA121EFF}.Debug|Any CPU.Build.0 = Debug|Any CPU
		{43A2198B-3526-4707-A325-9694BA121EFF}.Release|Any CPU.ActiveCfg = Release|Any CPU
		{43A2198B-3526-4707-A325-9694BA121EFF}.Release|Any CPU.Build.0 = Release|Any CPU
		{5D6F998A-BC76-4187-ACBB-E92B1C1F4243}.Debug|Any CPU.ActiveCfg = Debug|Any CPU
		{5D6F998A-BC76-4187-ACBB-E92B1C1F4243}.Debug|Any CPU.Build.0 = Debug|Any CPU
		{5D6F998A-BC76-4187-ACBB-E92B1C1F4243}.Release|Any CPU.ActiveCfg = Release|Any CPU
		{5D6F998A-BC76-4187-ACBB-E92B1C1F4243}.Release|Any CPU.Build.0 = Release|Any CPU
		{62437913-267C-4EE0-B24F-5F6FED3D3557}.Debug|Any CPU.ActiveCfg = Debug|Any CPU
		{62437913-267C-4EE0-B24F-5F6FED3D3557}.Debug|Any CPU.Build.0 = Debug|Any CPU
		{62437913-267C-4EE0-B24F-5F6FED3D3557}.Release|Any CPU.ActiveCfg = Release|Any CPU
		{62437913-267C-4EE0-B24F-5F6FED3D3557}.Release|Any CPU.Build.0 = Release|Any CPU
		{222FB73E-719F-4D61-BDFB-CFA82813E304}.Debug|Any CPU.ActiveCfg = Debug|Any CPU
		{222FB73E-719F-4D61-BDFB-CFA82813E304}.Debug|Any CPU.Build.0 = Debug|Any CPU
		{222FB73E-719F-4D61-BDFB-CFA82813E304}.Release|Any CPU.ActiveCfg = Release|Any CPU
		{222FB73E-719F-4D61-BDFB-CFA82813E304}.Release|Any CPU.Build.0 = Release|Any CPU
		{78C5F923-EFB5-4056-B6EB-BEED842690FD}.Debug|Any CPU.ActiveCfg = Debug|Any CPU
		{78C5F923-EFB5-4056-B6EB-BEED842690FD}.Debug|Any CPU.Build.0 = Debug|Any CPU
		{78C5F923-EFB5-4056-B6EB-BEED842690FD}.Release|Any CPU.ActiveCfg = Release|Any CPU
		{78C5F923-EFB5-4056-B6EB-BEED842690FD}.Release|Any CPU.Build.0 = Release|Any CPU
		{D597906A-FE52-41A7-A7D9-3E08A3ACF730}.Debug|Any CPU.ActiveCfg = Debug|Any CPU
		{D597906A-FE52-41A7-A7D9-3E08A3ACF730}.Debug|Any CPU.Build.0 = Debug|Any CPU
		{D597906A-FE52-41A7-A7D9-3E08A3ACF730}.Release|Any CPU.ActiveCfg = Release|Any CPU
		{D597906A-FE52-41A7-A7D9-3E08A3ACF730}.Release|Any CPU.Build.0 = Release|Any CPU
	EndGlobalSection
	GlobalSection(SolutionProperties) = preSolution
		HideSolutionNode = FALSE
	EndGlobalSection
	GlobalSection(ExtensibilityGlobals) = postSolution
		SolutionGuid = {EA6E942C-054D-4A87-A39A-6A54D55952A4}
	EndGlobalSection
EndGlobal
